
Microsoft Visual Studio Solution File, Format Version 12.00
# Visual Studio Version 17
VisualStudioVersion = 17.5.002.0
MinimumVisualStudioVersion = 10.0.40219.1
Project("{9A19103F-16F7-4668-BE54-9A1E7A4F7556}") = "BasicRegistration", "BasicRegistration.csproj", "{182E91FE-8091-405B-95D8-D3C1556D1D25}"
EndProject
Global
	GlobalSection(SolutionConfigurationPlatforms) = preSolution
		Debug|Any CPU = Debug|Any CPU
		Release|Any CPU = Release|Any CPU
	EndGlobalSection
	GlobalSection(ProjectConfigurationPlatforms) = postSolution
		{182E91FE-8091-405B-95D8-D3C1556D1D25}.Debug|Any CPU.ActiveCfg = Debug|Any CPU
		{182E91FE-8091-405B-95D8-D3C1556D1D25}.Debug|Any CPU.Build.0 = Debug|Any CPU
		{182E91FE-8091-405B-95D8-D3C1556D1D25}.Release|Any CPU.ActiveCfg = Release|Any CPU
		{182E91FE-8091-405B-95D8-D3C1556D1D25}.Release|Any CPU.Build.0 = Release|Any CPU
	EndGlobalSection
	GlobalSection(SolutionProperties) = preSolution
		HideSolutionNode = FALSE
	EndGlobalSection
	GlobalSection(ExtensibilityGlobals) = postSolution
		SolutionGuid = {F4B6E776-587C-463F-9E2E-62F0B63FFE31}
	EndGlobalSection
EndGlobal
